
Microsoft Visual Studio Solution File, Format Version 12.00
# Visual Studio Version 17
VisualStudioVersion = 17.4.33213.308
MinimumVisualStudioVersion = 10.0.40219.1
Project("{2150E333-8FDC-42A3-9474-1A3956D46DE8}") = "src", "src", "{17E9C448-2C45-483C-B2FB-C41CEB4BB6E8}"
EndProject
Project("{2150E333-8FDC-42A3-9474-1A3956D46DE8}") = "AcceptanceTests", "AcceptanceTests", "{E27B9D49-7E30-4135-AFCC-D5B0E85931F6}"
EndProject
Project("{9A19103F-16F7-4668-BE54-9A1E7A4F7556}") = "FsTask.ApplicationServices", "src\ApplicationServices\FsTask.ApplicationServices.csproj", "{1FEA026F-CAF5-443E-A5D2-94A6FBBC5F60}"
EndProject
Project("{9A19103F-16F7-4668-BE54-9A1E7A4F7556}") = "FsTask.API", "src\API\FsTask.API.csproj", "{21E7C037-BBE7-4748-AA86-0043E7E856EE}"
EndProject
Project("{9A19103F-16F7-4668-BE54-9A1E7A4F7556}") = "FsTask.AcceptanceTests", "AcceptanceTests\FsTask.AcceptanceTests.csproj", "{013DC53C-9479-4FFE-8684-3F2761180264}"
EndProject
Project("{9A19103F-16F7-4668-BE54-9A1E7A4F7556}") = "FsTask.QuestDB", "src\FsTask.QuestDB\FsTask.QuestDB.csproj", "{7BA3AB12-0840-4901-824F-57A499EB20AD}"
EndProject
Project("{9A19103F-16F7-4668-BE54-9A1E7A4F7556}") = "FsTask.UnitTests", "src\Domain\FsTask.UnitTests\FsTask.UnitTests.csproj", "{3A51A0F3-DC06-447C-8869-D171ABF3B9C1}"
EndProject
Project("{9A19103F-16F7-4668-BE54-9A1E7A4F7556}") = "FsTask.Domain", "src\Domain\FsTask.Domain\FsTask.Domain.csproj", "{EED63D2A-28DB-4F90-8040-4A586E5694D2}"
EndProject
Project("{9A19103F-16F7-4668-BE54-9A1E7A4F7556}") = "FsTask.Bootstrapper", "src\Bootstrapper\FsTask.Bootstrapper.csproj", "{1455F408-097A-434B-A7EB-CF52E15DA4CB}"
EndProject
Project("{2150E333-8FDC-42A3-9474-1A3956D46DE8}") = "IntegrationTests", "IntegrationTests", "{4445A7C6-7D27-468F-BD11-9042F7DDE757}"
EndProject
Project("{9A19103F-16F7-4668-BE54-9A1E7A4F7556}") = "FsTask.IntegrationTests", "IntegrationTests\FsTask.IntegrationTests.csproj", "{17749D4F-84F0-45D4-9F84-1849843AE86E}"
EndProject
Global
	GlobalSection(SolutionConfigurationPlatforms) = preSolution
		Debug|Any CPU = Debug|Any CPU
		Release|Any CPU = Release|Any CPU
	EndGlobalSection
	GlobalSection(ProjectConfigurationPlatforms) = postSolution
		{1FEA026F-CAF5-443E-A5D2-94A6FBBC5F60}.Debug|Any CPU.ActiveCfg = Debug|Any CPU
		{1FEA026F-CAF5-443E-A5D2-94A6FBBC5F60}.Debug|Any CPU.Build.0 = Debug|Any CPU
		{1FEA026F-CAF5-443E-A5D2-94A6FBBC5F60}.Release|Any CPU.ActiveCfg = Release|Any CPU
		{1FEA026F-CAF5-443E-A5D2-94A6FBBC5F60}.Release|Any CPU.Build.0 = Release|Any CPU
		{21E7C037-BBE7-4748-AA86-0043E7E856EE}.Debug|Any CPU.ActiveCfg = Debug|Any CPU
		{21E7C037-BBE7-4748-AA86-0043E7E856EE}.Debug|Any CPU.Build.0 = Debug|Any CPU
		{21E7C037-BBE7-4748-AA86-0043E7E856EE}.Release|Any CPU.ActiveCfg = Release|Any CPU
		{21E7C037-BBE7-4748-AA86-0043E7E856EE}.Release|Any CPU.Build.0 = Release|Any CPU
		{013DC53C-9479-4FFE-8684-3F2761180264}.Debug|Any CPU.ActiveCfg = Debug|Any CPU
		{013DC53C-9479-4FFE-8684-3F2761180264}.Debug|Any CPU.Build.0 = Debug|Any CPU
		{013DC53C-9479-4FFE-8684-3F2761180264}.Release|Any CPU.ActiveCfg = Release|Any CPU
		{013DC53C-9479-4FFE-8684-3F2761180264}.Release|Any CPU.Build.0 = Release|Any CPU
		{7BA3AB12-0840-4901-824F-57A499EB20AD}.Debug|Any CPU.ActiveCfg = Debug|Any CPU
		{7BA3AB12-0840-4901-824F-57A499EB20AD}.Debug|Any CPU.Build.0 = Debug|Any CPU
		{7BA3AB12-0840-4901-824F-57A499EB20AD}.Release|Any CPU.ActiveCfg = Release|Any CPU
		{7BA3AB12-0840-4901-824F-57A499EB20AD}.Release|Any CPU.Build.0 = Release|Any CPU
		{3A51A0F3-DC06-447C-8869-D171ABF3B9C1}.Debug|Any CPU.ActiveCfg = Debug|Any CPU
		{3A51A0F3-DC06-447C-8869-D171ABF3B9C1}.Debug|Any CPU.Build.0 = Debug|Any CPU
		{3A51A0F3-DC06-447C-8869-D171ABF3B9C1}.Release|Any CPU.ActiveCfg = Release|Any CPU
		{3A51A0F3-DC06-447C-8869-D171ABF3B9C1}.Release|Any CPU.Build.0 = Release|Any CPU
		{EED63D2A-28DB-4F90-8040-4A586E5694D2}.Debug|Any CPU.ActiveCfg = Debug|Any CPU
		{EED63D2A-28DB-4F90-8040-4A586E5694D2}.Debug|Any CPU.Build.0 = Debug|Any CPU
		{EED63D2A-28DB-4F90-8040-4A586E5694D2}.Release|Any CPU.ActiveCfg = Release|Any CPU
		{EED63D2A-28DB-4F90-8040-4A586E5694D2}.Release|Any CPU.Build.0 = Release|Any CPU
		{1455F408-097A-434B-A7EB-CF52E15DA4CB}.Debug|Any CPU.ActiveCfg = Debug|Any CPU
		{1455F408-097A-434B-A7EB-CF52E15DA4CB}.Debug|Any CPU.Build.0 = Debug|Any CPU
		{1455F408-097A-434B-A7EB-CF52E15DA4CB}.Release|Any CPU.ActiveCfg = Release|Any CPU
		{1455F408-097A-434B-A7EB-CF52E15DA4CB}.Release|Any CPU.Build.0 = Release|Any CPU
		{17749D4F-84F0-45D4-9F84-1849843AE86E}.Debug|Any CPU.ActiveCfg = Debug|Any CPU
		{17749D4F-84F0-45D4-9F84-1849843AE86E}.Debug|Any CPU.Build.0 = Debug|Any CPU
		{17749D4F-84F0-45D4-9F84-1849843AE86E}.Release|Any CPU.ActiveCfg = Release|Any CPU
		{17749D4F-84F0-45D4-9F84-1849843AE86E}.Release|Any CPU.Build.0 = Release|Any CPU
	EndGlobalSection
	GlobalSection(SolutionProperties) = preSolution
		HideSolutionNode = FALSE
	EndGlobalSection
	GlobalSection(NestedProjects) = preSolution
		{1FEA026F-CAF5-443E-A5D2-94A6FBBC5F60} = {17E9C448-2C45-483C-B2FB-C41CEB4BB6E8}
		{21E7C037-BBE7-4748-AA86-0043E7E856EE} = {17E9C448-2C45-483C-B2FB-C41CEB4BB6E8}
		{013DC53C-9479-4FFE-8684-3F2761180264} = {E27B9D49-7E30-4135-AFCC-D5B0E85931F6}
		{7BA3AB12-0840-4901-824F-57A499EB20AD} = {17E9C448-2C45-483C-B2FB-C41CEB4BB6E8}
		{3A51A0F3-DC06-447C-8869-D171ABF3B9C1} = {17E9C448-2C45-483C-B2FB-C41CEB4BB6E8}
		{EED63D2A-28DB-4F90-8040-4A586E5694D2} = {17E9C448-2C45-483C-B2FB-C41CEB4BB6E8}
		{1455F408-097A-434B-A7EB-CF52E15DA4CB} = {17E9C448-2C45-483C-B2FB-C41CEB4BB6E8}
		{17749D4F-84F0-45D4-9F84-1849843AE86E} = {4445A7C6-7D27-468F-BD11-9042F7DDE757}
	EndGlobalSection
	GlobalSection(ExtensibilityGlobals) = postSolution
		SolutionGuid = {F50AA42D-0DEC-439A-89A7-DE6ABE4AD2CD}
	EndGlobalSection
EndGlobal
